{
  "name": "cli-blogger",
  "version": "0.0.1",
  "lockfileVersion": 1,
  "requires": true,
  "dependencies": {
    "@mrmlnc/readdir-enhanced": {
      "version": "2.2.1",
      "resolved": "http://r.npm.sankuai.com/@mrmlnc/readdir-enhanced/download/@mrmlnc/readdir-enhanced-2.2.1.tgz",
      "integrity": "sha1-UkryQNGjYFJ7cwR17PoTRKpUDd4=",
      "dev": true,
      "requires": {
        "call-me-maybe": "1.0.1",
        "glob-to-regexp": "0.3.0"
      }
    },
    "@nodelib/fs.stat": {
      "version": "1.1.0",
      "resolved": "http://r.npm.sankuai.com/@nodelib/fs.stat/download/@nodelib/fs.stat-1.1.0.tgz",
      "integrity": "sha1-UMHiJgrA7ZQ5oYHeNyWgFo1ZxIo=",
      "dev": true
    },
    "abbrev": {
      "version": "1.1.1",
      "resolved": "http://r.npm.sankuai.com/abbrev/download/abbrev-1.1.1.tgz",
      "integrity": "sha1-+PLIh60Qv2f2NPAFtph/7TF5qsg=",
      "dev": true
    },
    "arr-diff": {
      "version": "4.0.0",
      "resolved": "http://r.npm.sankuai.com/arr-diff/download/arr-diff-4.0.0.tgz",
      "integrity": "sha1-1kYQdP6/7HHn4VI1dhoyml3HxSA=",
      "dev": true
    },
    "arr-flatten": {
      "version": "1.1.0",
      "resolved": "http://r.npm.sankuai.com/arr-flatten/download/arr-flatten-1.1.0.tgz",
      "integrity": "sha1-NgSLv/TntH4TZkQxbJlmnqWukfE=",
      "dev": true
    },
    "arr-union": {
      "version": "3.1.0",
      "resolved": "http://r.npm.sankuai.com/arr-union/download/arr-union-3.1.0.tgz",
      "integrity": "sha1-45sJrqne+Gao8gbiiK9jkZuuOcQ=",
      "dev": true
    },
    "array-union": {
      "version": "1.0.2",
      "resolved": "http://r.npm.sankuai.com/array-union/download/array-union-1.0.2.tgz",
      "integrity": "sha1-mjRBDk9OPaI96jdb5b5w8kd47Dk=",
      "dev": true,
      "requires": {
        "array-uniq": "1.0.3"
      }
    },
    "array-uniq": {
      "version": "1.0.3",
      "resolved": "http://r.npm.sankuai.com/array-uniq/download/array-uniq-1.0.3.tgz",
      "integrity": "sha1-r2rId6Jcx/dOBYiUdThY39sk/bY=",
      "dev": true
    },
    "array-unique": {
      "version": "0.3.2",
      "resolved": "http://r.npm.sankuai.com/array-unique/download/array-unique-0.3.2.tgz",
      "integrity": "sha1-qJS3XUvE9s1nnvMkSp/Y9Gri1Cg=",
      "dev": true
    },
    "arrify": {
      "version": "1.0.1",
      "resolved": "http://r.npm.sankuai.com/arrify/download/arrify-1.0.1.tgz",
      "integrity": "sha1-iYUI2iIm84DfkEcoRWhJwVAaSw0=",
      "dev": true
    },
    "assign-symbols": {
      "version": "1.0.0",
      "resolved": "http://r.npm.sankuai.com/assign-symbols/download/assign-symbols-1.0.0.tgz",
      "integrity": "sha1-WWZ/QfrdTyDMvCu5a41Pf3jsA2c=",
      "dev": true
    },
    "atob": {
      "version": "2.1.1",
      "resolved": "http://r.npm.sankuai.com/atob/download/atob-2.1.1.tgz",
      "integrity": "sha1-ri1acpR38onWDdf5amMUoi3Wwio=",
      "dev": true
    },
    "balanced-match": {
      "version": "1.0.0",
      "resolved": "http://r.npm.sankuai.com/balanced-match/download/balanced-match-1.0.0.tgz",
      "integrity": "sha1-ibTRmasr7kneFk6gK4nORi1xt2c=",
      "dev": true
    },
    "base": {
      "version": "0.11.2",
      "resolved": "http://r.npm.sankuai.com/base/download/base-0.11.2.tgz",
      "integrity": "sha1-e95c7RRbbVUakNuH+DxVi060io8=",
      "dev": true,
      "requires": {
        "cache-base": "1.0.1",
        "class-utils": "0.3.6",
        "component-emitter": "1.2.1",
        "define-property": "1.0.0",
        "isobject": "3.0.1",
        "mixin-deep": "1.3.1",
        "pascalcase": "0.1.1"
      },
      "dependencies": {
        "define-property": {
          "version": "1.0.0",
          "resolved": "http://r.npm.sankuai.com/define-property/download/define-property-1.0.0.tgz",
          "integrity": "sha1-dp66rz9KY6rTr56NMEybvnm/sOY=",
          "dev": true,
          "requires": {
            "is-descriptor": "1.0.2"
          }
        },
        "is-accessor-descriptor": {
          "version": "1.0.0",
          "resolved": "http://r.npm.sankuai.com/is-accessor-descriptor/download/is-accessor-descriptor-1.0.0.tgz",
          "integrity": "sha1-FpwvbT3x+ZJhgHI2XJsOofaHhlY=",
          "dev": true,
          "requires": {
            "kind-of": "6.0.2"
          }
        },
        "is-data-descriptor": {
          "version": "1.0.0",
          "resolved": "http://r.npm.sankuai.com/is-data-descriptor/download/is-data-descriptor-1.0.0.tgz",
          "integrity": "sha1-2Eh2Mh0Oet0DmQQGq7u9NrqSaMc=",
          "dev": true,
          "requires": {
            "kind-of": "6.0.2"
          }
        },
        "is-descriptor": {
          "version": "1.0.2",
          "resolved": "http://r.npm.sankuai.com/is-descriptor/download/is-descriptor-1.0.2.tgz",
          "integrity": "sha1-OxWXRqZmBLBPjIFSS6NlxfFNhuw=",
          "dev": true,
          "requires": {
            "is-accessor-descriptor": "1.0.0",
            "is-data-descriptor": "1.0.0",
            "kind-of": "6.0.2"
          }
        }
      }
    },
    "brace-expansion": {
      "version": "1.1.11",
      "resolved": "http://r.npm.sankuai.com/brace-expansion/download/brace-expansion-1.1.11.tgz",
      "integrity": "sha1-PH/L9SnYcibz0vUrlm/1Jx60Qd0=",
      "dev": true,
      "requires": {
        "balanced-match": "1.0.0",
        "concat-map": "0.0.1"
      }
    },
    "braces": {
      "version": "2.3.2",
      "resolved": "http://r.npm.sankuai.com/braces/download/braces-2.3.2.tgz",
      "integrity": "sha1-WXn9PxTNUxVl5fot8av/8d+u5yk=",
      "dev": true,
      "requires": {
        "arr-flatten": "1.1.0",
        "array-unique": "0.3.2",
        "extend-shallow": "2.0.1",
        "fill-range": "4.0.0",
        "isobject": "3.0.1",
        "repeat-element": "1.1.2",
        "snapdragon": "0.8.2",
        "snapdragon-node": "2.1.1",
        "split-string": "3.1.0",
        "to-regex": "3.0.2"
      },
      "dependencies": {
        "extend-shallow": {
          "version": "2.0.1",
          "resolved": "http://r.npm.sankuai.com/extend-shallow/download/extend-shallow-2.0.1.tgz",
          "integrity": "sha1-Ua99YUrZqfYQ6huvu5idaxxWiQ8=",
          "dev": true,
          "requires": {
            "is-extendable": "0.1.1"
          }
        }
      }
    },
    "cache-base": {
      "version": "1.0.1",
      "resolved": "http://r.npm.sankuai.com/cache-base/download/cache-base-1.0.1.tgz",
      "integrity": "sha1-Cn9GQWgxyLZi7jb+TnxZ129marI=",
      "dev": true,
      "requires": {
        "collection-visit": "1.0.0",
        "component-emitter": "1.2.1",
        "get-value": "2.0.6",
        "has-value": "1.0.0",
        "isobject": "3.0.1",
        "set-value": "2.0.0",
        "to-object-path": "0.3.0",
        "union-value": "1.0.0",
        "unset-value": "1.0.0"
      }
    },
    "call-me-maybe": {
      "version": "1.0.1",
      "resolved": "http://r.npm.sankuai.com/call-me-maybe/download/call-me-maybe-1.0.1.tgz",
      "integrity": "sha1-JtII6onje1y95gJQoV8DHBak1ms=",
      "dev": true
    },
    "class-utils": {
      "version": "0.3.6",
      "resolved": "http://r.npm.sankuai.com/class-utils/download/class-utils-0.3.6.tgz",
      "integrity": "sha1-+TNprouafOAv1B+q0MqDAzGQxGM=",
      "dev": true,
      "requires": {
        "arr-union": "3.1.0",
        "define-property": "0.2.5",
        "isobject": "3.0.1",
        "static-extend": "0.1.2"
      },
      "dependencies": {
        "define-property": {
          "version": "0.2.5",
          "resolved": "http://r.npm.sankuai.com/define-property/download/define-property-0.2.5.tgz",
          "integrity": "sha1-w1se+RjsPJkPmlvFe+BKrOxcgRY=",
          "dev": true,
          "requires": {
            "is-descriptor": "0.1.6"
          }
        }
      }
    },
    "collection-visit": {
      "version": "1.0.0",
      "resolved": "http://r.npm.sankuai.com/collection-visit/download/collection-visit-1.0.0.tgz",
      "integrity": "sha1-S8A3PBZLwykbTTaMgpzxqApZ3KA=",
      "dev": true,
      "requires": {
        "map-visit": "1.0.0",
        "object-visit": "1.0.1"
      }
    },
    "component-emitter": {
      "version": "1.2.1",
      "resolved": "http://r.npm.sankuai.com/component-emitter/download/component-emitter-1.2.1.tgz",
      "integrity": "sha1-E3kY1teCg/ffemt8WmPhQOaUJeY=",
      "dev": true
    },
    "concat-map": {
      "version": "0.0.1",
      "resolved": "http://r.npm.sankuai.com/concat-map/download/concat-map-0.0.1.tgz",
      "integrity": "sha1-2Klr13/Wjfd5OnMDajug1UBdR3s=",
      "dev": true
    },
    "copy-descriptor": {
      "version": "0.1.1",
      "resolved": "http://r.npm.sankuai.com/copy-descriptor/download/copy-descriptor-0.1.1.tgz",
      "integrity": "sha1-Z29us8OZl8LuGsOpJP1hJHSPV40=",
      "dev": true
    },
    "debug": {
      "version": "2.6.9",
      "resolved": "http://r.npm.sankuai.com/debug/download/debug-2.6.9.tgz",
      "integrity": "sha1-XRKFFd8TT/Mn6QpMk/Tgd6U2NB8=",
      "dev": true,
      "requires": {
        "ms": "2.0.0"
      }
    },
    "decode-uri-component": {
      "version": "0.2.0",
      "resolved": "http://r.npm.sankuai.com/decode-uri-component/download/decode-uri-component-0.2.0.tgz",
      "integrity": "sha1-6zkTMzRYd1y4TNGh+uBiEGu4dUU=",
      "dev": true
    },
    "define-property": {
      "version": "2.0.2",
      "resolved": "http://r.npm.sankuai.com/define-property/download/define-property-2.0.2.tgz",
      "integrity": "sha1-1Flono1lS6d+AqgX+HENcCyxbp0=",
      "dev": true,
      "requires": {
        "is-descriptor": "1.0.2",
        "isobject": "3.0.1"
      },
      "dependencies": {
        "is-accessor-descriptor": {
          "version": "1.0.0",
          "resolved": "http://r.npm.sankuai.com/is-accessor-descriptor/download/is-accessor-descriptor-1.0.0.tgz",
          "integrity": "sha1-FpwvbT3x+ZJhgHI2XJsOofaHhlY=",
          "dev": true,
          "requires": {
            "kind-of": "6.0.2"
          }
        },
        "is-data-descriptor": {
          "version": "1.0.0",
          "resolved": "http://r.npm.sankuai.com/is-data-descriptor/download/is-data-descriptor-1.0.0.tgz",
          "integrity": "sha1-2Eh2Mh0Oet0DmQQGq7u9NrqSaMc=",
          "dev": true,
          "requires": {
            "kind-of": "6.0.2"
          }
        },
        "is-descriptor": {
          "version": "1.0.2",
          "resolved": "http://r.npm.sankuai.com/is-descriptor/download/is-descriptor-1.0.2.tgz",
          "integrity": "sha1-OxWXRqZmBLBPjIFSS6NlxfFNhuw=",
          "dev": true,
          "requires": {
            "is-accessor-descriptor": "1.0.0",
            "is-data-descriptor": "1.0.0",
            "kind-of": "6.0.2"
          }
        }
      }
    },
    "dir-glob": {
      "version": "2.0.0",
      "resolved": "http://r.npm.sankuai.com/dir-glob/download/dir-glob-2.0.0.tgz",
      "integrity": "sha1-CyBdK2rvmCOMooZZioIE0p0KADQ=",
      "dev": true,
      "requires": {
        "arrify": "1.0.1",
        "path-type": "3.0.0"
      }
    },
    "expand-brackets": {
      "version": "2.1.4",
      "resolved": "http://r.npm.sankuai.com/expand-brackets/download/expand-brackets-2.1.4.tgz",
      "integrity": "sha1-t3c14xXOMPa27/D4OwQVGiJEliI=",
      "dev": true,
      "requires": {
        "debug": "2.6.9",
        "define-property": "0.2.5",
        "extend-shallow": "2.0.1",
        "posix-character-classes": "0.1.1",
        "regex-not": "1.0.2",
        "snapdragon": "0.8.2",
        "to-regex": "3.0.2"
      },
      "dependencies": {
        "define-property": {
          "version": "0.2.5",
          "resolved": "http://r.npm.sankuai.com/define-property/download/define-property-0.2.5.tgz",
          "integrity": "sha1-w1se+RjsPJkPmlvFe+BKrOxcgRY=",
          "dev": true,
          "requires": {
            "is-descriptor": "0.1.6"
          }
        },
        "extend-shallow": {
          "version": "2.0.1",
          "resolved": "http://r.npm.sankuai.com/extend-shallow/download/extend-shallow-2.0.1.tgz",
          "integrity": "sha1-Ua99YUrZqfYQ6huvu5idaxxWiQ8=",
          "dev": true,
          "requires": {
            "is-extendable": "0.1.1"
          }
        }
      }
    },
    "extend-shallow": {
      "version": "3.0.2",
      "resolved": "http://r.npm.sankuai.com/extend-shallow/download/extend-shallow-3.0.2.tgz",
      "integrity": "sha1-Jqcarwc7OfshJxcnRhMcJwQCjbg=",
      "dev": true,
      "requires": {
        "assign-symbols": "1.0.0",
        "is-extendable": "1.0.1"
      },
      "dependencies": {
        "is-extendable": {
          "version": "1.0.1",
          "resolved": "http://r.npm.sankuai.com/is-extendable/download/is-extendable-1.0.1.tgz",
          "integrity": "sha1-p0cPnkJnM9gb2B4RVSZOOjUHyrQ=",
          "dev": true,
          "requires": {
            "is-plain-object": "2.0.4"
          }
        }
      }
    },
    "extglob": {
      "version": "2.0.4",
      "resolved": "http://r.npm.sankuai.com/extglob/download/extglob-2.0.4.tgz",
      "integrity": "sha1-rQD+TcYSqSMuhxhxHcXLWrAoVUM=",
      "dev": true,
      "requires": {
        "array-unique": "0.3.2",
        "define-property": "1.0.0",
        "expand-brackets": "2.1.4",
        "extend-shallow": "2.0.1",
        "fragment-cache": "0.2.1",
        "regex-not": "1.0.2",
        "snapdragon": "0.8.2",
        "to-regex": "3.0.2"
      },
      "dependencies": {
        "define-property": {
          "version": "1.0.0",
          "resolved": "http://r.npm.sankuai.com/define-property/download/define-property-1.0.0.tgz",
          "integrity": "sha1-dp66rz9KY6rTr56NMEybvnm/sOY=",
          "dev": true,
          "requires": {
            "is-descriptor": "1.0.2"
          }
        },
        "extend-shallow": {
          "version": "2.0.1",
          "resolved": "http://r.npm.sankuai.com/extend-shallow/download/extend-shallow-2.0.1.tgz",
          "integrity": "sha1-Ua99YUrZqfYQ6huvu5idaxxWiQ8=",
          "dev": true,
          "requires": {
            "is-extendable": "0.1.1"
          }
        },
        "is-accessor-descriptor": {
          "version": "1.0.0",
          "resolved": "http://r.npm.sankuai.com/is-accessor-descriptor/download/is-accessor-descriptor-1.0.0.tgz",
          "integrity": "sha1-FpwvbT3x+ZJhgHI2XJsOofaHhlY=",
          "dev": true,
          "requires": {
            "kind-of": "6.0.2"
          }
        },
        "is-data-descriptor": {
          "version": "1.0.0",
          "resolved": "http://r.npm.sankuai.com/is-data-descriptor/download/is-data-descriptor-1.0.0.tgz",
          "integrity": "sha1-2Eh2Mh0Oet0DmQQGq7u9NrqSaMc=",
          "dev": true,
          "requires": {
            "kind-of": "6.0.2"
          }
        },
        "is-descriptor": {
          "version": "1.0.2",
          "resolved": "http://r.npm.sankuai.com/is-descriptor/download/is-descriptor-1.0.2.tgz",
          "integrity": "sha1-OxWXRqZmBLBPjIFSS6NlxfFNhuw=",
          "dev": true,
          "requires": {
            "is-accessor-descriptor": "1.0.0",
            "is-data-descriptor": "1.0.0",
            "kind-of": "6.0.2"
          }
        }
      }
    },
    "fast-glob": {
      "version": "2.2.2",
      "resolved": "http://r.npm.sankuai.com/fast-glob/download/fast-glob-2.2.2.tgz",
      "integrity": "sha1-cXIzOKybTg4v/x1nSKKhPV7TUr8=",
      "dev": true,
      "requires": {
        "@mrmlnc/readdir-enhanced": "2.2.1",
        "@nodelib/fs.stat": "1.1.0",
        "glob-parent": "3.1.0",
        "is-glob": "4.0.0",
        "merge2": "1.2.2",
        "micromatch": "3.1.10"
      }
    },
    "fill-range": {
      "version": "4.0.0",
      "resolved": "http://r.npm.sankuai.com/fill-range/download/fill-range-4.0.0.tgz",
      "integrity": "sha1-1USBHUKPmOsGpj3EAtJAPDKMOPc=",
      "dev": true,
      "requires": {
        "extend-shallow": "2.0.1",
        "is-number": "3.0.0",
        "repeat-string": "1.6.1",
        "to-regex-range": "2.1.1"
      },
      "dependencies": {
        "extend-shallow": {
          "version": "2.0.1",
          "resolved": "http://r.npm.sankuai.com/extend-shallow/download/extend-shallow-2.0.1.tgz",
          "integrity": "sha1-Ua99YUrZqfYQ6huvu5idaxxWiQ8=",
          "dev": true,
          "requires": {
            "is-extendable": "0.1.1"
          }
        }
      }
    },
    "for-in": {
      "version": "1.0.2",
      "resolved": "http://r.npm.sankuai.com/for-in/download/for-in-1.0.2.tgz",
      "integrity": "sha1-gQaNKVqBQuwKxybG4iAMMPttXoA=",
      "dev": true
    },
    "fragment-cache": {
      "version": "0.2.1",
      "resolved": "http://r.npm.sankuai.com/fragment-cache/download/fragment-cache-0.2.1.tgz",
      "integrity": "sha1-QpD60n8T6Jvn8zeZxrxaCr//DRk=",
      "dev": true,
      "requires": {
        "map-cache": "0.2.2"
      }
    },
    "fs-extra": {
      "version": "7.0.0",
      "resolved": "http://r.npm.sankuai.com/fs-extra/download/fs-extra-7.0.0.tgz",
      "integrity": "sha1-jMP0fOB+97NZOhG5+yRffjTAQdY=",
      "dev": true,
      "requires": {
        "graceful-fs": "4.1.11",
        "jsonfile": "4.0.0",
        "universalify": "0.1.2"
      }
    },
    "fs.realpath": {
      "version": "1.0.0",
      "resolved": "http://r.npm.sankuai.com/fs.realpath/download/fs.realpath-1.0.0.tgz",
      "integrity": "sha1-FQStJSMVjKpA20onh8sBQRmU6k8=",
      "dev": true
    },
    "get-value": {
      "version": "2.0.6",
      "resolved": "http://r.npm.sankuai.com/get-value/download/get-value-2.0.6.tgz",
      "integrity": "sha1-3BXKHGcjh8p2vTesCjlbogQqLCg=",
      "dev": true
    },
    "glob": {
      "version": "7.1.2",
      "resolved": "http://r.npm.sankuai.com/glob/download/glob-7.1.2.tgz",
      "integrity": "sha1-wZyd+aAocC1nhhI4SmVSQExjbRU=",
      "dev": true,
      "requires": {
        "fs.realpath": "1.0.0",
        "inflight": "1.0.6",
        "inherits": "2.0.3",
        "minimatch": "3.0.4",
        "once": "1.4.0",
        "path-is-absolute": "1.0.1"
      }
    },
    "glob-parent": {
      "version": "3.1.0",
      "resolved": "http://r.npm.sankuai.com/glob-parent/download/glob-parent-3.1.0.tgz",
      "integrity": "sha1-nmr2KZ2NO9K9QEMIMr0RPfkGxa4=",
      "dev": true,
      "requires": {
        "is-glob": "3.1.0",
        "path-dirname": "1.0.2"
      },
      "dependencies": {
        "is-glob": {
          "version": "3.1.0",
          "resolved": "http://r.npm.sankuai.com/is-glob/download/is-glob-3.1.0.tgz",
          "integrity": "sha1-e6WuJCF4BKxwcHuWkiVnSGzD6Eo=",
          "dev": true,
          "requires": {
            "is-extglob": "2.1.1"
          }
        }
      }
    },
    "glob-to-regexp": {
      "version": "0.3.0",
      "resolved": "http://r.npm.sankuai.com/glob-to-regexp/download/glob-to-regexp-0.3.0.tgz",
      "integrity": "sha1-jFoUlNIGbFcMw7/kSWF1rMTVAqs=",
      "dev": true
    },
    "globby": {
      "version": "8.0.1",
      "resolved": "http://r.npm.sankuai.com/globby/download/globby-8.0.1.tgz",
      "integrity": "sha1-ta1IuKqAs1uBT8EoHsyFHx0rW1A=",
      "dev": true,
      "requires": {
        "array-union": "1.0.2",
        "dir-glob": "2.0.0",
        "fast-glob": "2.2.2",
        "glob": "7.1.2",
        "ignore": "3.3.10",
        "pify": "3.0.0",
        "slash": "1.0.0"
      }
    },
    "graceful-fs": {
      "version": "4.1.11",
      "resolved": "http://r.npm.sankuai.com/graceful-fs/download/graceful-fs-4.1.11.tgz",
      "integrity": "sha1-Dovf5NHduIVNZOBOp8AOKgJuVlg=",
      "dev": true
    },
    "has-value": {
      "version": "1.0.0",
      "resolved": "http://r.npm.sankuai.com/has-value/download/has-value-1.0.0.tgz",
      "integrity": "sha1-GLKB2lhbHFxR3vJMkw7SmgvmsXc=",
      "dev": true,
      "requires": {
        "get-value": "2.0.6",
        "has-values": "1.0.0",
        "isobject": "3.0.1"
      }
    },
    "has-values": {
      "version": "1.0.0",
      "resolved": "http://r.npm.sankuai.com/has-values/download/has-values-1.0.0.tgz",
      "integrity": "sha1-lbC2P+whRmGab+V/51Yo1aOe/k8=",
      "dev": true,
      "requires": {
        "is-number": "3.0.0",
        "kind-of": "4.0.0"
      },
      "dependencies": {
        "kind-of": {
          "version": "4.0.0",
          "resolved": "http://r.npm.sankuai.com/kind-of/download/kind-of-4.0.0.tgz",
          "integrity": "sha1-IIE989cSkosgc3hpGkUGb65y3Vc=",
          "dev": true,
          "requires": {
            "is-buffer": "1.1.6"
          }
        }
      }
    },
    "ignore": {
      "version": "3.3.10",
      "resolved": "http://r.npm.sankuai.com/ignore/download/ignore-3.3.10.tgz",
      "integrity": "sha1-Cpf7h2mG6AgcYxFg+PnziRV/AEM=",
      "dev": true
    },
    "inflight": {
      "version": "1.0.6",
      "resolved": "http://r.npm.sankuai.com/inflight/download/inflight-1.0.6.tgz",
      "integrity": "sha1-Sb1jMdfQLQwJvJEKEHW6gWW1bfk=",
      "dev": true,
      "requires": {
        "once": "1.4.0",
        "wrappy": "1.0.2"
      }
    },
    "inherits": {
      "version": "2.0.3",
      "resolved": "http://r.npm.sankuai.com/inherits/download/inherits-2.0.3.tgz",
      "integrity": "sha1-Yzwsg+PaQqUC9SRmAiSA9CCCYd4=",
      "dev": true
    },
    "is-accessor-descriptor": {
      "version": "0.1.6",
      "resolved": "http://r.npm.sankuai.com/is-accessor-descriptor/download/is-accessor-descriptor-0.1.6.tgz",
      "integrity": "sha1-qeEss66Nh2cn7u84Q/igiXtcmNY=",
      "dev": true,
      "requires": {
        "kind-of": "3.2.2"
      },
      "dependencies": {
        "kind-of": {
          "version": "3.2.2",
          "resolved": "http://r.npm.sankuai.com/kind-of/download/kind-of-3.2.2.tgz",
          "integrity": "sha1-MeohpzS6ubuw8yRm2JOupR5KPGQ=",
          "dev": true,
          "requires": {
            "is-buffer": "1.1.6"
          }
        }
      }
    },
    "is-buffer": {
      "version": "1.1.6",
      "resolved": "http://r.npm.sankuai.com/is-buffer/download/is-buffer-1.1.6.tgz",
      "integrity": "sha1-76ouqdqg16suoTqXsritUf776L4=",
      "dev": true
    },
    "is-data-descriptor": {
      "version": "0.1.4",
      "resolved": "http://r.npm.sankuai.com/is-data-descriptor/download/is-data-descriptor-0.1.4.tgz",
      "integrity": "sha1-C17mSDiOLIYCgueT8YVv7D8wG1Y=",
      "dev": true,
      "requires": {
        "kind-of": "3.2.2"
      },
      "dependencies": {
        "kind-of": {
          "version": "3.2.2",
          "resolved": "http://r.npm.sankuai.com/kind-of/download/kind-of-3.2.2.tgz",
          "integrity": "sha1-MeohpzS6ubuw8yRm2JOupR5KPGQ=",
          "dev": true,
          "requires": {
            "is-buffer": "1.1.6"
          }
        }
      }
    },
    "is-descriptor": {
      "version": "0.1.6",
      "resolved": "http://r.npm.sankuai.com/is-descriptor/download/is-descriptor-0.1.6.tgz",
      "integrity": "sha1-Nm2CQN3kh8pRgjsaufB6EKeCUco=",
      "dev": true,
      "requires": {
        "is-accessor-descriptor": "0.1.6",
        "is-data-descriptor": "0.1.4",
        "kind-of": "5.1.0"
      },
      "dependencies": {
        "kind-of": {
          "version": "5.1.0",
          "resolved": "http://r.npm.sankuai.com/kind-of/download/kind-of-5.1.0.tgz",
          "integrity": "sha1-cpyR4thXt6QZofmqZWhcTDP1hF0=",
          "dev": true
        }
      }
    },
    "is-extendable": {
      "version": "0.1.1",
      "resolved": "http://r.npm.sankuai.com/is-extendable/download/is-extendable-0.1.1.tgz",
      "integrity": "sha1-YrEQ4omkcUGOPsNqYX1HLjAd/Ik=",
      "dev": true
    },
    "is-extglob": {
      "version": "2.1.1",
      "resolved": "http://r.npm.sankuai.com/is-extglob/download/is-extglob-2.1.1.tgz",
      "integrity": "sha1-qIwCU1eR8C7TfHahueqXc8gz+MI=",
      "dev": true
    },
    "is-glob": {
      "version": "4.0.0",
      "resolved": "http://r.npm.sankuai.com/is-glob/download/is-glob-4.0.0.tgz",
      "integrity": "sha1-lSHHaEXMJhCoUgPd8ICpWML/q8A=",
      "dev": true,
      "requires": {
        "is-extglob": "2.1.1"
      }
    },
    "is-number": {
      "version": "3.0.0",
      "resolved": "http://r.npm.sankuai.com/is-number/download/is-number-3.0.0.tgz",
      "integrity": "sha1-JP1iAaR4LPUFYcgQJ2r8fRLXEZU=",
      "dev": true,
      "requires": {
        "kind-of": "3.2.2"
      },
      "dependencies": {
        "kind-of": {
          "version": "3.2.2",
          "resolved": "http://r.npm.sankuai.com/kind-of/download/kind-of-3.2.2.tgz",
          "integrity": "sha1-MeohpzS6ubuw8yRm2JOupR5KPGQ=",
          "dev": true,
          "requires": {
            "is-buffer": "1.1.6"
          }
        }
      }
    },
    "is-plain-object": {
      "version": "2.0.4",
      "resolved": "http://r.npm.sankuai.com/is-plain-object/download/is-plain-object-2.0.4.tgz",
      "integrity": "sha1-LBY7P6+xtgbZ0Xko8FwqHDjgdnc=",
      "dev": true,
      "requires": {
        "isobject": "3.0.1"
      }
    },
    "is-windows": {
      "version": "1.0.2",
      "resolved": "http://r.npm.sankuai.com/is-windows/download/is-windows-1.0.2.tgz",
      "integrity": "sha1-0YUOuXkezRjmGCzhKjDzlmNLsZ0=",
      "dev": true
    },
    "isarray": {
      "version": "1.0.0",
      "resolved": "http://r.npm.sankuai.com/isarray/download/isarray-1.0.0.tgz",
      "integrity": "sha1-u5NdSFgsuhaMBoNJV6VKPgcSTxE=",
      "dev": true
    },
    "isobject": {
      "version": "3.0.1",
      "resolved": "http://r.npm.sankuai.com/isobject/download/isobject-3.0.1.tgz",
      "integrity": "sha1-TkMekrEalzFjaqH5yNHMvP2reN8=",
      "dev": true
    },
    "jsonfile": {
      "version": "4.0.0",
      "resolved": "http://r.npm.sankuai.com/jsonfile/download/jsonfile-4.0.0.tgz",
      "integrity": "sha1-h3Gq4HmbZAdrdmQPygWPnBDjPss=",
      "dev": true,
      "requires": {
        "graceful-fs": "4.1.11"
      }
    },
    "kind-of": {
      "version": "6.0.2",
      "resolved": "http://r.npm.sankuai.com/kind-of/download/kind-of-6.0.2.tgz",
      "integrity": "sha1-ARRrNqYhjmTljzqNZt5df8b20FE=",
      "dev": true
    },
    "map-cache": {
      "version": "0.2.2",
      "resolved": "http://r.npm.sankuai.com/map-cache/download/map-cache-0.2.2.tgz",
      "integrity": "sha1-wyq9C9ZSXZsFFkW7TyasXcmKDb8=",
      "dev": true
    },
    "map-visit": {
      "version": "1.0.0",
      "resolved": "http://r.npm.sankuai.com/map-visit/download/map-visit-1.0.0.tgz",
      "integrity": "sha1-7Nyo8TFE5mDxtb1B8S80edmN+48=",
      "dev": true,
      "requires": {
        "object-visit": "1.0.1"
      }
    },
    "markdown": {
      "version": "0.5.0",
      "resolved": "http://r.npm.sankuai.com/markdown/download/markdown-0.5.0.tgz",
      "integrity": "sha1-KCBbVlqK51kt4gdGPWY33BgnIrI=",
      "dev": true,
      "requires": {
        "nopt": "2.1.2"
      }
    },
    "merge2": {
      "version": "1.2.2",
      "resolved": "http://r.npm.sankuai.com/merge2/download/merge2-1.2.2.tgz",
      "integrity": "sha1-AyEuPajYbE2FI869YxgZNBT5TjQ=",
      "dev": true
    },
    "micromatch": {
      "version": "3.1.10",
      "resolved": "http://r.npm.sankuai.com/micromatch/download/micromatch-3.1.10.tgz",
      "integrity": "sha1-cIWbyVyYQJUvNZoGij/En57PrCM=",
      "dev": true,
      "requires": {
        "arr-diff": "4.0.0",
        "array-unique": "0.3.2",
        "braces": "2.3.2",
        "define-property": "2.0.2",
        "extend-shallow": "3.0.2",
        "extglob": "2.0.4",
        "fragment-cache": "0.2.1",
        "kind-of": "6.0.2",
        "nanomatch": "1.2.13",
        "object.pick": "1.3.0",
        "regex-not": "1.0.2",
        "snapdragon": "0.8.2",
        "to-regex": "3.0.2"
      }
    },
    "minimatch": {
      "version": "3.0.4",
      "resolved": "http://r.npm.sankuai.com/minimatch/download/minimatch-3.0.4.tgz",
      "integrity": "sha1-UWbihkV/AzBgZL5Ul+jbsMPTIIM=",
      "dev": true,
      "requires": {
        "brace-expansion": "1.1.11"
      }
    },
    "mixin-deep": {
      "version": "1.3.1",
      "resolved": "http://r.npm.sankuai.com/mixin-deep/download/mixin-deep-1.3.1.tgz",
      "integrity": "sha1-pJ5yaNzhoNlpjkUybFYm3zVD0P4=",
      "dev": true,
      "requires": {
        "for-in": "1.0.2",
        "is-extendable": "1.0.1"
      },
      "dependencies": {
        "is-extendable": {
          "version": "1.0.1",
          "resolved": "http://r.npm.sankuai.com/is-extendable/download/is-extendable-1.0.1.tgz",
          "integrity": "sha1-p0cPnkJnM9gb2B4RVSZOOjUHyrQ=",
          "dev": true,
          "requires": {
            "is-plain-object": "2.0.4"
          }
        }
      }
    },
    "ms": {
      "version": "2.0.0",
      "resolved": "http://r.npm.sankuai.com/ms/download/ms-2.0.0.tgz",
      "integrity": "sha1-VgiurfwAvmwpAd9fmGF4jeDVl8g=",
      "dev": true
    },
    "nanomatch": {
      "version": "1.2.13",
      "resolved": "http://r.npm.sankuai.com/nanomatch/download/nanomatch-1.2.13.tgz",
      "integrity": "sha1-uHqKpPwN6P5r6IiVs4mD/yZb0Rk=",
      "dev": true,
      "requires": {
        "arr-diff": "4.0.0",
        "array-unique": "0.3.2",
        "define-property": "2.0.2",
        "extend-shallow": "3.0.2",
        "fragment-cache": "0.2.1",
        "is-windows": "1.0.2",
        "kind-of": "6.0.2",
        "object.pick": "1.3.0",
        "regex-not": "1.0.2",
        "snapdragon": "0.8.2",
        "to-regex": "3.0.2"
      }
    },
    "nopt": {
      "version": "2.1.2",
      "resolved": "http://r.npm.sankuai.com/nopt/download/nopt-2.1.2.tgz",
      "integrity": "sha1-bMzZd7gBMqB3MdbozljCyDA8+a8=",
      "dev": true,
      "requires": {
        "abbrev": "1.1.1"
      }
    },
    "object-copy": {
      "version": "0.1.0",
      "resolved": "http://r.npm.sankuai.com/object-copy/download/object-copy-0.1.0.tgz",
      "integrity": "sha1-fn2Fi3gb18mRpBupde04EnVOmYw=",
      "dev": true,
      "requires": {
        "copy-descriptor": "0.1.1",
        "define-property": "0.2.5",
        "kind-of": "3.2.2"
      },
      "dependencies": {
        "define-property": {
          "version": "0.2.5",
          "resolved": "http://r.npm.sankuai.com/define-property/download/define-property-0.2.5.tgz",
          "integrity": "sha1-w1se+RjsPJkPmlvFe+BKrOxcgRY=",
          "dev": true,
          "requires": {
            "is-descriptor": "0.1.6"
          }
        },
        "kind-of": {
          "version": "3.2.2",
          "resolved": "http://r.npm.sankuai.com/kind-of/download/kind-of-3.2.2.tgz",
          "integrity": "sha1-MeohpzS6ubuw8yRm2JOupR5KPGQ=",
          "dev": true,
          "requires": {
            "is-buffer": "1.1.6"
          }
        }
      }
    },
    "object-visit": {
      "version": "1.0.1",
      "resolved": "http://r.npm.sankuai.com/object-visit/download/object-visit-1.0.1.tgz",
      "integrity": "sha1-95xEk68MU3e1n+OdOV5BBC3QRbs=",
      "dev": true,
      "requires": {
        "isobject": "3.0.1"
      }
    },
    "object.pick": {
      "version": "1.3.0",
      "resolved": "http://r.npm.sankuai.com/object.pick/download/object.pick-1.3.0.tgz",
      "integrity": "sha1-h6EKxMFpS9Lhy/U1kaZhQftd10c=",
      "dev": true,
      "requires": {
        "isobject": "3.0.1"
      }
    },
    "once": {
      "version": "1.4.0",
      "resolved": "http://r.npm.sankuai.com/once/download/once-1.4.0.tgz",
      "integrity": "sha1-WDsap3WWHUsROsF9nFC6753Xa9E=",
      "dev": true,
      "requires": {
        "wrappy": "1.0.2"
      }
    },
    "pascalcase": {
      "version": "0.1.1",
      "resolved": "http://r.npm.sankuai.com/pascalcase/download/pascalcase-0.1.1.tgz",
      "integrity": "sha1-s2PlXoAGym/iF4TS2yK9FdeRfxQ=",
      "dev": true
    },
    "path-dirname": {
      "version": "1.0.2",
      "resolved": "http://r.npm.sankuai.com/path-dirname/download/path-dirname-1.0.2.tgz",
      "integrity": "sha1-zDPSTVJeCZpTiMAzbG4yuRYGCeA=",
      "dev": true
    },
    "path-is-absolute": {
      "version": "1.0.1",
      "resolved": "http://r.npm.sankuai.com/path-is-absolute/download/path-is-absolute-1.0.1.tgz",
      "integrity": "sha1-F0uSaHNVNP+8es5r9TpanhtcX18=",
      "dev": true
    },
    "path-type": {
      "version": "3.0.0",
      "resolved": "http://r.npm.sankuai.com/path-type/download/path-type-3.0.0.tgz",
      "integrity": "sha1-zvMdyOCho7sNEFwM2Xzzv0f0428=",
      "dev": true,
      "requires": {
        "pify": "3.0.0"
      }
    },
    "pify": {
      "version": "3.0.0",
      "resolved": "http://r.npm.sankuai.com/pify/download/pify-3.0.0.tgz",
      "integrity": "sha1-5aSs0sEB/fPZpNB/DbxNtJ3SgXY=",
      "dev": true
    },
    "posix-character-classes": {
      "version": "0.1.1",
      "resolved": "http://r.npm.sankuai.com/posix-character-classes/download/posix-character-classes-0.1.1.tgz",
      "integrity": "sha1-AerA/jta9xoqbAL+q7jB/vfgDqs=",
      "dev": true
    },
    "regex-not": {
      "version": "1.0.2",
      "resolved": "http://r.npm.sankuai.com/regex-not/download/regex-not-1.0.2.tgz",
      "integrity": "sha1-H07OJ+ALC2XgJHpoEOaoXYOldSw=",
      "dev": true,
      "requires": {
        "extend-shallow": "3.0.2",
        "safe-regex": "1.1.0"
      }
    },
    "repeat-element": {
      "version": "1.1.2",
      "resolved": "http://r.npm.sankuai.com/repeat-element/download/repeat-element-1.1.2.tgz",
      "integrity": "sha1-7wiaF40Ug7quTZPrmLT55OEdmQo=",
      "dev": true
    },
    "repeat-string": {
      "version": "1.6.1",
      "resolved": "http://r.npm.sankuai.com/repeat-string/download/repeat-string-1.6.1.tgz",
      "integrity": "sha1-jcrkcOHIirwtYA//Sndihtp15jc=",
      "dev": true
    },
    "resolve-url": {
      "version": "0.2.1",
      "resolved": "http://r.npm.sankuai.com/resolve-url/download/resolve-url-0.2.1.tgz",
      "integrity": "sha1-LGN/53yJOv0qZj/iGqkIAGjiBSo=",
      "dev": true
    },
    "ret": {
      "version": "0.1.15",
      "resolved": "http://r.npm.sankuai.com/ret/download/ret-0.1.15.tgz",
      "integrity": "sha1-uKSCXVvbH8P29Twrwz+BOIaBx7w=",
      "dev": true
    },
    "safe-regex": {
      "version": "1.1.0",
      "resolved": "http://r.npm.sankuai.com/safe-regex/download/safe-regex-1.1.0.tgz",
      "integrity": "sha1-QKNmnzsHfR6UPURinhV91IAjvy4=",
      "dev": true,
      "requires": {
        "ret": "0.1.15"
      }
    },
    "set-value": {
      "version": "2.0.0",
      "resolved": "http://r.npm.sankuai.com/set-value/download/set-value-2.0.0.tgz",
      "integrity": "sha1-ca5KiPD+77v1LR6mBPP7MV67YnQ=",
      "dev": true,
      "requires": {
        "extend-shallow": "2.0.1",
        "is-extendable": "0.1.1",
        "is-plain-object": "2.0.4",
        "split-string": "3.1.0"
      },
      "dependencies": {
        "extend-shallow": {
          "version": "2.0.1",
          "resolved": "http://r.npm.sankuai.com/extend-shallow/download/extend-shallow-2.0.1.tgz",
          "integrity": "sha1-Ua99YUrZqfYQ6huvu5idaxxWiQ8=",
          "dev": true,
          "requires": {
            "is-extendable": "0.1.1"
          }
        }
      }
    },
    "slash": {
      "version": "1.0.0",
      "resolved": "http://r.npm.sankuai.com/slash/download/slash-1.0.0.tgz",
      "integrity": "sha1-xB8vbDn8FtHNF61LXYlhFK5HDVU=",
      "dev": true
    },
    "snapdragon": {
      "version": "0.8.2",
      "resolved": "http://r.npm.sankuai.com/snapdragon/download/snapdragon-0.8.2.tgz",
      "integrity": "sha1-ZJIufFZbDhQgS6GqfWlkJ40lGC0=",
      "dev": true,
      "requires": {
        "base": "0.11.2",
        "debug": "2.6.9",
        "define-property": "0.2.5",
        "extend-shallow": "2.0.1",
        "map-cache": "0.2.2",
        "source-map": "0.5.7",
        "source-map-resolve": "0.5.2",
        "use": "3.1.1"
      },
      "dependencies": {
        "define-property": {
          "version": "0.2.5",
          "resolved": "http://r.npm.sankuai.com/define-property/download/define-property-0.2.5.tgz",
          "integrity": "sha1-w1se+RjsPJkPmlvFe+BKrOxcgRY=",
          "dev": true,
          "requires": {
            "is-descriptor": "0.1.6"
          }
        },
        "extend-shallow": {
          "version": "2.0.1",
          "resolved": "http://r.npm.sankuai.com/extend-shallow/download/extend-shallow-2.0.1.tgz",
          "integrity": "sha1-Ua99YUrZqfYQ6huvu5idaxxWiQ8=",
          "dev": true,
          "requires": {
            "is-extendable": "0.1.1"
          }
        }
      }
    },
    "snapdragon-node": {
      "version": "2.1.1",
      "resolved": "http://r.npm.sankuai.com/snapdragon-node/download/snapdragon-node-2.1.1.tgz",
      "integrity": "sha1-bBdfhv8UvbByRWPo88GwIaKGhTs=",
      "dev": true,
      "requires": {
        "define-property": "1.0.0",
        "isobject": "3.0.1",
        "snapdragon-util": "3.0.1"
      },
      "dependencies": {
        "define-property": {
          "version": "1.0.0",
          "resolved": "http://r.npm.sankuai.com/define-property/download/define-property-1.0.0.tgz",
          "integrity": "sha1-dp66rz9KY6rTr56NMEybvnm/sOY=",
          "dev": true,
          "requires": {
            "is-descriptor": "1.0.2"
          }
        },
        "is-accessor-descriptor": {
          "version": "1.0.0",
          "resolved": "http://r.npm.sankuai.com/is-accessor-descriptor/download/is-accessor-descriptor-1.0.0.tgz",
          "integrity": "sha1-FpwvbT3x+ZJhgHI2XJsOofaHhlY=",
          "dev": true,
          "requires": {
            "kind-of": "6.0.2"
          }
        },
        "is-data-descriptor": {
          "version": "1.0.0",
          "resolved": "http://r.npm.sankuai.com/is-data-descriptor/download/is-data-descriptor-1.0.0.tgz",
          "integrity": "sha1-2Eh2Mh0Oet0DmQQGq7u9NrqSaMc=",
          "dev": true,
          "requires": {
            "kind-of": "6.0.2"
          }
        },
        "is-descriptor": {
          "version": "1.0.2",
          "resolved": "http://r.npm.sankuai.com/is-descriptor/download/is-descriptor-1.0.2.tgz",
          "integrity": "sha1-OxWXRqZmBLBPjIFSS6NlxfFNhuw=",
          "dev": true,
          "requires": {
            "is-accessor-descriptor": "1.0.0",
            "is-data-descriptor": "1.0.0",
            "kind-of": "6.0.2"
          }
        }
      }
    },
    "snapdragon-util": {
      "version": "3.0.1",
      "resolved": "http://r.npm.sankuai.com/snapdragon-util/download/snapdragon-util-3.0.1.tgz",
      "integrity": "sha1-+VZHlIbyrNeXAGk/b3uAXkWrVuI=",
      "dev": true,
      "requires": {
        "kind-of": "3.2.2"
      },
      "dependencies": {
        "kind-of": {
          "version": "3.2.2",
          "resolved": "http://r.npm.sankuai.com/kind-of/download/kind-of-3.2.2.tgz",
          "integrity": "sha1-MeohpzS6ubuw8yRm2JOupR5KPGQ=",
          "dev": true,
          "requires": {
            "is-buffer": "1.1.6"
          }
        }
      }
    },
    "source-map": {
      "version": "0.5.7",
      "resolved": "http://r.npm.sankuai.com/source-map/download/source-map-0.5.7.tgz",
      "integrity": "sha1-igOdLRAh0i0eoUyA2OpGi6LvP8w=",
      "dev": true
    },
    "source-map-resolve": {
      "version": "0.5.2",
      "resolved": "http://r.npm.sankuai.com/source-map-resolve/download/source-map-resolve-0.5.2.tgz",
      "integrity": "sha1-cuLMNAlVQ+Q7LGKyxMENSpBU8lk=",
      "dev": true,
      "requires": {
        "atob": "2.1.1",
        "decode-uri-component": "0.2.0",
        "resolve-url": "0.2.1",
        "source-map-url": "0.4.0",
        "urix": "0.1.0"
      }
    },
    "source-map-url": {
      "version": "0.4.0",
      "resolved": "http://r.npm.sankuai.com/source-map-url/download/source-map-url-0.4.0.tgz",
      "integrity": "sha1-PpNdfd1zYxuXZZlW1VEo6HtQhKM=",
      "dev": true
    },
    "split-string": {
      "version": "3.1.0",
      "resolved": "http://r.npm.sankuai.com/split-string/download/split-string-3.1.0.tgz",
      "integrity": "sha1-fLCd2jqGWFcFxks5pkZgOGguj+I=",
      "dev": true,
      "requires": {
        "extend-shallow": "3.0.2"
      }
    },
    "static-extend": {
      "version": "0.1.2",
      "resolved": "http://r.npm.sankuai.com/static-extend/download/static-extend-0.1.2.tgz",
      "integrity": "sha1-YICcOcv/VTNyJv1eC1IPNB8ftcY=",
      "dev": true,
      "requires": {
        "define-property": "0.2.5",
        "object-copy": "0.1.0"
      },
      "dependencies": {
        "define-property": {
          "version": "0.2.5",
          "resolved": "http://r.npm.sankuai.com/define-property/download/define-property-0.2.5.tgz",
          "integrity": "sha1-w1se+RjsPJkPmlvFe+BKrOxcgRY=",
          "dev": true,
          "requires": {
            "is-descriptor": "0.1.6"
          }
        }
      }
    },
    "to-object-path": {
      "version": "0.3.0",
      "resolved": "http://r.npm.sankuai.com/to-object-path/download/to-object-path-0.3.0.tgz",
      "integrity": "sha1-KXWIt7Dn4KwI4E5nL4XB9JmeF68=",
      "dev": true,
      "requires": {
        "kind-of": "3.2.2"
      },
      "dependencies": {
        "kind-of": {
          "version": "3.2.2",
          "resolved": "http://r.npm.sankuai.com/kind-of/download/kind-of-3.2.2.tgz",
          "integrity": "sha1-MeohpzS6ubuw8yRm2JOupR5KPGQ=",
          "dev": true,
          "requires": {
            "is-buffer": "1.1.6"
          }
        }
      }
    },
    "to-regex": {
      "version": "3.0.2",
      "resolved": "http://r.npm.sankuai.com/to-regex/download/to-regex-3.0.2.tgz",
      "integrity": "sha1-E8/dmzNlUvMLUfM6iuG0Knp1mc4=",
      "dev": true,
      "requires": {
        "define-property": "2.0.2",
        "extend-shallow": "3.0.2",
        "regex-not": "1.0.2",
        "safe-regex": "1.1.0"
      }
    },
    "to-regex-range": {
      "version": "2.1.1",
      "resolved": "http://r.npm.sankuai.com/to-regex-range/download/to-regex-range-2.1.1.tgz",
      "integrity": "sha1-fIDBe53+vlmeJzZ+DU3VWQFB2zg=",
      "dev": true,
      "requires": {
        "is-number": "3.0.0",
        "repeat-string": "1.6.1"
      }
    },
    "union-value": {
      "version": "1.0.0",
      "resolved": "http://r.npm.sankuai.com/union-value/download/union-value-1.0.0.tgz",
      "integrity": "sha1-XHHDTLW61dzr4+oM0IIHulqhrqQ=",
      "dev": true,
      "requires": {
        "arr-union": "3.1.0",
        "get-value": "2.0.6",
        "is-extendable": "0.1.1",
        "set-value": "0.4.3"
      },
      "dependencies": {
        "extend-shallow": {
          "version": "2.0.1",
          "resolved": "http://r.npm.sankuai.com/extend-shallow/download/extend-shallow-2.0.1.tgz",
          "integrity": "sha1-Ua99YUrZqfYQ6huvu5idaxxWiQ8=",
          "dev": true,
          "requires": {
            "is-extendable": "0.1.1"
          }
        },
        "set-value": {
          "version": "0.4.3",
          "resolved": "http://r.npm.sankuai.com/set-value/download/set-value-0.4.3.tgz",
          "integrity": "sha1-fbCPnT0i3H945Trzw79GZuzfzPE=",
          "dev": true,
          "requires": {
            "extend-shallow": "2.0.1",
            "is-extendable": "0.1.1",
            "is-plain-object": "2.0.4",
            "to-object-path": "0.3.0"
          }
        }
      }
    },
    "universalify": {
      "version": "0.1.2",
      "resolved": "http://r.npm.sankuai.com/universalify/download/universalify-0.1.2.tgz",
      "integrity": "sha1-tkb2m+OULavOzJ1mOcgNwQXvqmY=",
      "dev": true
    },
    "unset-value": {
      "version": "1.0.0",
      "resolved": "http://r.npm.sankuai.com/unset-value/download/unset-value-1.0.0.tgz",
      "integrity": "sha1-g3aHP30jNRef+x5vw6jtDfyKtVk=",
      "dev": true,
      "requires": {
        "has-value": "0.3.1",
        "isobject": "3.0.1"
      },
      "dependencies": {
        "has-value": {
          "version": "0.3.1",
          "resolved": "http://r.npm.sankuai.com/has-value/download/has-value-0.3.1.tgz",
          "integrity": "sha1-ex9YutpiyoJ+wKIHgCVlSEWZXh8=",
          "dev": true,
          "requires": {
            "get-value": "2.0.6",
            "has-values": "0.1.4",
            "isobject": "2.1.0"
          },
          "dependencies": {
            "isobject": {
              "version": "2.1.0",
              "resolved": "http://r.npm.sankuai.com/isobject/download/isobject-2.1.0.tgz",
              "integrity": "sha1-8GVWEJaj8dou9GJy+BXIQNh+DIk=",
              "dev": true,
              "requires": {
                "isarray": "1.0.0"
              }
            }
          }
        },
        "has-values": {
          "version": "0.1.4",
          "resolved": "http://r.npm.sankuai.com/has-values/download/has-values-0.1.4.tgz",
          "integrity": "sha1-bWHeldkd/Km5oCCJrThL/49it3E=",
          "dev": true
        }
      }
    },
    "urix": {
      "version": "0.1.0",
      "resolved": "http://r.npm.sankuai.com/urix/download/urix-0.1.0.tgz",
      "integrity": "sha1-2pN/emLiH+wf0Y1Js1wpNQZ6bHI=",
      "dev": true
    },
    "use": {
      "version": "3.1.1",
      "resolved": "http://r.npm.sankuai.com/use/download/use-3.1.1.tgz",
      "integrity": "sha1-1QyMrHmhn7wg8pEfVuuXP04QBw8=",
      "dev": true
    },
    "wrappy": {
      "version": "1.0.2",
      "resolved": "http://r.npm.sankuai.com/wrappy/download/wrappy-1.0.2.tgz",
      "integrity": "sha1-tSQ9jz7BqjXxNkYFvA0QNuMKtp8=",
      "dev": true
    }
  }
}
